// !$*UTF8*$!
{
	archiveVersion = 1;
	classes = {
	};
	objectVersion = 51;
	objects = {

/* Begin PBXBuildFile section */
		0F3173440DF62A084D42EF75 /* Pods_Movies.framework in Frameworks */ = {isa = PBXBuildFile; fileRef = A9FC164CB8C80D696AF34377 /* Pods_Movies.framework */; };
		61620FB4DAE7C191460ABAD3 /* Pods_MoviesTests.framework in Frameworks */ = {isa = PBXBuildFile; fileRef = 1FF8A6C966556B1F53E40A23 /* Pods_MoviesTests.framework */; };
		A6C7895023D7B61100FEFACF /* AppDelegate.swift in Sources */ = {isa = PBXBuildFile; fileRef = A6C7894F23D7B61100FEFACF /* AppDelegate.swift */; };
		A6C7895223D7B61100FEFACF /* SceneDelegate.swift in Sources */ = {isa = PBXBuildFile; fileRef = A6C7895123D7B61100FEFACF /* SceneDelegate.swift */; };
		A6C7895423D7B61100FEFACF /* ViewController.swift in Sources */ = {isa = PBXBuildFile; fileRef = A6C7895323D7B61100FEFACF /* ViewController.swift */; };
		A6C7895723D7B61100FEFACF /* Main.storyboard in Resources */ = {isa = PBXBuildFile; fileRef = A6C7895523D7B61100FEFACF /* Main.storyboard */; };
		A6C7895923D7B61300FEFACF /* Assets.xcassets in Resources */ = {isa = PBXBuildFile; fileRef = A6C7895823D7B61300FEFACF /* Assets.xcassets */; };
		A6C7895C23D7B61300FEFACF /* LaunchScreen.storyboard in Resources */ = {isa = PBXBuildFile; fileRef = A6C7895A23D7B61300FEFACF /* LaunchScreen.storyboard */; };
		A6C7896723D7B61300FEFACF /* MoviesTests.swift in Sources */ = {isa = PBXBuildFile; fileRef = A6C7896623D7B61300FEFACF /* MoviesTests.swift */; };
		A6C7897F23D9B19300FEFACF /* MoviesProtocols.swift in Sources */ = {isa = PBXBuildFile; fileRef = A6C7897E23D9B19300FEFACF /* MoviesProtocols.swift */; };
		A6C7898223D9B87D00FEFACF /* CustomError.swift in Sources */ = {isa = PBXBuildFile; fileRef = A6C7898123D9B87D00FEFACF /* CustomError.swift */; };
		A6C7898623D9BC6A00FEFACF /* Result.swift in Sources */ = {isa = PBXBuildFile; fileRef = A6C7898523D9BC6A00FEFACF /* Result.swift */; };
		A6C7898823D9BCD000FEFACF /* Movie.swift in Sources */ = {isa = PBXBuildFile; fileRef = A6C7898723D9BCD000FEFACF /* Movie.swift */; };
		A6C7898A23D9C63700FEFACF /* MoviesInteractor.swift in Sources */ = {isa = PBXBuildFile; fileRef = A6C7898923D9C63700FEFACF /* MoviesInteractor.swift */; };
		A6C7898C23D9C64300FEFACF /* MoviesPresenter.swift in Sources */ = {isa = PBXBuildFile; fileRef = A6C7898B23D9C64300FEFACF /* MoviesPresenter.swift */; };
		A6C7898E23DB2D1F00FEFACF /* MoviesConfigurator.swift in Sources */ = {isa = PBXBuildFile; fileRef = A6C7898D23DB2D1F00FEFACF /* MoviesConfigurator.swift */; };
		A6C7899123DB2D6200FEFACF /* MoviesViewController.swift in Sources */ = {isa = PBXBuildFile; fileRef = A6C7898F23DB2D6200FEFACF /* MoviesViewController.swift */; };
		A6C7899223DB2D6200FEFACF /* MoviesViewController.xib in Resources */ = {isa = PBXBuildFile; fileRef = A6C7899023DB2D6200FEFACF /* MoviesViewController.xib */; };
		A6D2F61A23DB303800975139 /* MovieWorker.swift in Sources */ = {isa = PBXBuildFile; fileRef = A6D2F61923DB303800975139 /* MovieWorker.swift */; };
		A6D2F61C23DB978900975139 /* movies.json in Resources */ = {isa = PBXBuildFile; fileRef = A6D2F61B23DB978900975139 /* movies.json */; };
		A6D2F62023DBA5F800975139 /* MovieCell.swift in Sources */ = {isa = PBXBuildFile; fileRef = A6D2F61E23DBA5F800975139 /* MovieCell.swift */; };
		A6D2F62123DBA5F800975139 /* MovieCell.xib in Resources */ = {isa = PBXBuildFile; fileRef = A6D2F61F23DBA5F800975139 /* MovieCell.xib */; };
		A6D2F62523DBB98300975139 /* MovieInfoConfigurator.swift in Sources */ = {isa = PBXBuildFile; fileRef = A6D2F62423DBB98300975139 /* MovieInfoConfigurator.swift */; };
		A6D2F62723DBB98D00975139 /* MovieInfoProtocols.swift in Sources */ = {isa = PBXBuildFile; fileRef = A6D2F62623DBB98D00975139 /* MovieInfoProtocols.swift */; };
		A6D2F62923DBB99900975139 /* MovieInfoInteractor.swift in Sources */ = {isa = PBXBuildFile; fileRef = A6D2F62823DBB99900975139 /* MovieInfoInteractor.swift */; };
		A6D2F62B23DBB9A100975139 /* MovieInfoPresenter.swift in Sources */ = {isa = PBXBuildFile; fileRef = A6D2F62A23DBB9A100975139 /* MovieInfoPresenter.swift */; };
		A6D2F62E23DBC85000975139 /* MovieInfoViewController.swift in Sources */ = {isa = PBXBuildFile; fileRef = A6D2F62C23DBC85000975139 /* MovieInfoViewController.swift */; };
		A6D2F62F23DBC85000975139 /* MovieInfoViewController.xib in Resources */ = {isa = PBXBuildFile; fileRef = A6D2F62D23DBC85000975139 /* MovieInfoViewController.xib */; };
		A6D2F63323DBCB5100975139 /* MovieInfoCell.swift in Sources */ = {isa = PBXBuildFile; fileRef = A6D2F63123DBCB5100975139 /* MovieInfoCell.swift */; };
		A6D2F63423DBCB5100975139 /* MovieInfoCell.xib in Resources */ = {isa = PBXBuildFile; fileRef = A6D2F63223DBCB5100975139 /* MovieInfoCell.xib */; };
		A6D2F63623DC7DFD00975139 /* MovieRouter.swift in Sources */ = {isa = PBXBuildFile; fileRef = A6D2F63523DC7DFD00975139 /* MovieRouter.swift */; };
		A6D2F63823DCD40200975139 /* Server.swift in Sources */ = {isa = PBXBuildFile; fileRef = A6D2F63723DCD40200975139 /* Server.swift */; };
		A6D2F63D23DCD78700975139 /* MoviePhotosCell.swift in Sources */ = {isa = PBXBuildFile; fileRef = A6D2F63B23DCD78700975139 /* MoviePhotosCell.swift */; };
		A6D2F63E23DCD78700975139 /* MoviePhotosCell.xib in Resources */ = {isa = PBXBuildFile; fileRef = A6D2F63C23DCD78700975139 /* MoviePhotosCell.xib */; };
		A6D2F64523DCDA0500975139 /* PhotoCell.swift in Sources */ = {isa = PBXBuildFile; fileRef = A6D2F64323DCDA0500975139 /* PhotoCell.swift */; };
		A6D2F64623DCDA0500975139 /* PhotoCell.xib in Resources */ = {isa = PBXBuildFile; fileRef = A6D2F64423DCDA0500975139 /* PhotoCell.xib */; };
		A6D2F64823DD030000975139 /* Image.swift in Sources */ = {isa = PBXBuildFile; fileRef = A6D2F64723DD030000975139 /* Image.swift */; };
		A6D2F64C23DD0A7700975139 /* MovieInfoWorker.swift in Sources */ = {isa = PBXBuildFile; fileRef = A6D2F64B23DD0A7700975139 /* MovieInfoWorker.swift */; };
		A6D2F64F23DE0C5100975139 /* UIViewController+Alert.swift in Sources */ = {isa = PBXBuildFile; fileRef = A6D2F64E23DE0C5100975139 /* UIViewController+Alert.swift */; };
/* End PBXBuildFile section */

/* Begin PBXContainerItemProxy section */
		A6C7896323D7B61300FEFACF /* PBXContainerItemProxy */ = {
			isa = PBXContainerItemProxy;
			containerPortal = A6C7894423D7B61000FEFACF /* Project object */;
			proxyType = 1;
			remoteGlobalIDString = A6C7894B23D7B61000FEFACF;
			remoteInfo = Movies;
		};
/* End PBXContainerItemProxy section */

/* Begin PBXFileReference section */
		1FF8A6C966556B1F53E40A23 /* Pods_MoviesTests.framework */ = {isa = PBXFileReference; explicitFileType = wrapper.framework; includeInIndex = 0; path = Pods_MoviesTests.framework; sourceTree = BUILT_PRODUCTS_DIR; };
		243D72EFE94550246639801F /* Pods-Movies.debug.xcconfig */ = {isa = PBXFileReference; includeInIndex = 1; lastKnownFileType = text.xcconfig; name = "Pods-Movies.debug.xcconfig"; path = "Target Support Files/Pods-Movies/Pods-Movies.debug.xcconfig"; sourceTree = "<group>"; };
		5F90479BA61D2FCB9C26D2BC /* Pods-Movies.release.xcconfig */ = {isa = PBXFileReference; includeInIndex = 1; lastKnownFileType = text.xcconfig; name = "Pods-Movies.release.xcconfig"; path = "Target Support Files/Pods-Movies/Pods-Movies.release.xcconfig"; sourceTree = "<group>"; };
		9AA769CCD4E29C7B872BDDD8 /* Pods-MoviesTests.release.xcconfig */ = {isa = PBXFileReference; includeInIndex = 1; lastKnownFileType = text.xcconfig; name = "Pods-MoviesTests.release.xcconfig"; path = "Target Support Files/Pods-MoviesTests/Pods-MoviesTests.release.xcconfig"; sourceTree = "<group>"; };
		A6C7894C23D7B61000FEFACF /* Movies.app */ = {isa = PBXFileReference; explicitFileType = wrapper.application; includeInIndex = 0; path = Movies.app; sourceTree = BUILT_PRODUCTS_DIR; };
		A6C7894F23D7B61100FEFACF /* AppDelegate.swift */ = {isa = PBXFileReference; lastKnownFileType = sourcecode.swift; path = AppDelegate.swift; sourceTree = "<group>"; };
		A6C7895123D7B61100FEFACF /* SceneDelegate.swift */ = {isa = PBXFileReference; lastKnownFileType = sourcecode.swift; path = SceneDelegate.swift; sourceTree = "<group>"; };
		A6C7895323D7B61100FEFACF /* ViewController.swift */ = {isa = PBXFileReference; lastKnownFileType = sourcecode.swift; path = ViewController.swift; sourceTree = "<group>"; };
		A6C7895623D7B61100FEFACF /* Base */ = {isa = PBXFileReference; lastKnownFileType = file.storyboard; name = Base; path = Base.lproj/Main.storyboard; sourceTree = "<group>"; };
		A6C7895823D7B61300FEFACF /* Assets.xcassets */ = {isa = PBXFileReference; lastKnownFileType = folder.assetcatalog; path = Assets.xcassets; sourceTree = "<group>"; };
		A6C7895B23D7B61300FEFACF /* Base */ = {isa = PBXFileReference; lastKnownFileType = file.storyboard; name = Base; path = Base.lproj/LaunchScreen.storyboard; sourceTree = "<group>"; };
		A6C7895D23D7B61300FEFACF /* Info.plist */ = {isa = PBXFileReference; lastKnownFileType = text.plist.xml; path = Info.plist; sourceTree = "<group>"; };
		A6C7896223D7B61300FEFACF /* MoviesTests.xctest */ = {isa = PBXFileReference; explicitFileType = wrapper.cfbundle; includeInIndex = 0; path = MoviesTests.xctest; sourceTree = BUILT_PRODUCTS_DIR; };
		A6C7896623D7B61300FEFACF /* MoviesTests.swift */ = {isa = PBXFileReference; lastKnownFileType = sourcecode.swift; path = MoviesTests.swift; sourceTree = "<group>"; };
		A6C7896823D7B61300FEFACF /* Info.plist */ = {isa = PBXFileReference; lastKnownFileType = text.plist.xml; path = Info.plist; sourceTree = "<group>"; };
		A6C7897E23D9B19300FEFACF /* MoviesProtocols.swift */ = {isa = PBXFileReference; lastKnownFileType = sourcecode.swift; path = MoviesProtocols.swift; sourceTree = "<group>"; };
		A6C7898123D9B87D00FEFACF /* CustomError.swift */ = {isa = PBXFileReference; lastKnownFileType = sourcecode.swift; path = CustomError.swift; sourceTree = "<group>"; };
		A6C7898523D9BC6A00FEFACF /* Result.swift */ = {isa = PBXFileReference; lastKnownFileType = sourcecode.swift; path = Result.swift; sourceTree = "<group>"; };
		A6C7898723D9BCD000FEFACF /* Movie.swift */ = {isa = PBXFileReference; lastKnownFileType = sourcecode.swift; path = Movie.swift; sourceTree = "<group>"; };
		A6C7898923D9C63700FEFACF /* MoviesInteractor.swift */ = {isa = PBXFileReference; lastKnownFileType = sourcecode.swift; path = MoviesInteractor.swift; sourceTree = "<group>"; };
		A6C7898B23D9C64300FEFACF /* MoviesPresenter.swift */ = {isa = PBXFileReference; lastKnownFileType = sourcecode.swift; path = MoviesPresenter.swift; sourceTree = "<group>"; };
		A6C7898D23DB2D1F00FEFACF /* MoviesConfigurator.swift */ = {isa = PBXFileReference; lastKnownFileType = sourcecode.swift; path = MoviesConfigurator.swift; sourceTree = "<group>"; };
		A6C7898F23DB2D6200FEFACF /* MoviesViewController.swift */ = {isa = PBXFileReference; lastKnownFileType = sourcecode.swift; path = MoviesViewController.swift; sourceTree = "<group>"; };
		A6C7899023DB2D6200FEFACF /* MoviesViewController.xib */ = {isa = PBXFileReference; lastKnownFileType = file.xib; path = MoviesViewController.xib; sourceTree = "<group>"; };
		A6D2F61923DB303800975139 /* MovieWorker.swift */ = {isa = PBXFileReference; lastKnownFileType = sourcecode.swift; path = MovieWorker.swift; sourceTree = "<group>"; };
		A6D2F61B23DB978900975139 /* movies.json */ = {isa = PBXFileReference; fileEncoding = 4; lastKnownFileType = text.json; path = movies.json; sourceTree = "<group>"; };
		A6D2F61E23DBA5F800975139 /* MovieCell.swift */ = {isa = PBXFileReference; lastKnownFileType = sourcecode.swift; path = MovieCell.swift; sourceTree = "<group>"; };
		A6D2F61F23DBA5F800975139 /* MovieCell.xib */ = {isa = PBXFileReference; lastKnownFileType = file.xib; path = MovieCell.xib; sourceTree = "<group>"; };
		A6D2F62423DBB98300975139 /* MovieInfoConfigurator.swift */ = {isa = PBXFileReference; lastKnownFileType = sourcecode.swift; path = MovieInfoConfigurator.swift; sourceTree = "<group>"; };
		A6D2F62623DBB98D00975139 /* MovieInfoProtocols.swift */ = {isa = PBXFileReference; lastKnownFileType = sourcecode.swift; path = MovieInfoProtocols.swift; sourceTree = "<group>"; };
		A6D2F62823DBB99900975139 /* MovieInfoInteractor.swift */ = {isa = PBXFileReference; lastKnownFileType = sourcecode.swift; path = MovieInfoInteractor.swift; sourceTree = "<group>"; };
		A6D2F62A23DBB9A100975139 /* MovieInfoPresenter.swift */ = {isa = PBXFileReference; lastKnownFileType = sourcecode.swift; path = MovieInfoPresenter.swift; sourceTree = "<group>"; };
		A6D2F62C23DBC85000975139 /* MovieInfoViewController.swift */ = {isa = PBXFileReference; lastKnownFileType = sourcecode.swift; path = MovieInfoViewController.swift; sourceTree = "<group>"; };
		A6D2F62D23DBC85000975139 /* MovieInfoViewController.xib */ = {isa = PBXFileReference; lastKnownFileType = file.xib; path = MovieInfoViewController.xib; sourceTree = "<group>"; };
		A6D2F63123DBCB5100975139 /* MovieInfoCell.swift */ = {isa = PBXFileReference; lastKnownFileType = sourcecode.swift; path = MovieInfoCell.swift; sourceTree = "<group>"; };
		A6D2F63223DBCB5100975139 /* MovieInfoCell.xib */ = {isa = PBXFileReference; lastKnownFileType = file.xib; path = MovieInfoCell.xib; sourceTree = "<group>"; };
		A6D2F63523DC7DFD00975139 /* MovieRouter.swift */ = {isa = PBXFileReference; lastKnownFileType = sourcecode.swift; path = MovieRouter.swift; sourceTree = "<group>"; };
		A6D2F63723DCD40200975139 /* Server.swift */ = {isa = PBXFileReference; lastKnownFileType = sourcecode.swift; path = Server.swift; sourceTree = "<group>"; };
		A6D2F63B23DCD78700975139 /* MoviePhotosCell.swift */ = {isa = PBXFileReference; lastKnownFileType = sourcecode.swift; path = MoviePhotosCell.swift; sourceTree = "<group>"; };
		A6D2F63C23DCD78700975139 /* MoviePhotosCell.xib */ = {isa = PBXFileReference; lastKnownFileType = file.xib; path = MoviePhotosCell.xib; sourceTree = "<group>"; };
		A6D2F64323DCDA0500975139 /* PhotoCell.swift */ = {isa = PBXFileReference; lastKnownFileType = sourcecode.swift; path = PhotoCell.swift; sourceTree = "<group>"; };
		A6D2F64423DCDA0500975139 /* PhotoCell.xib */ = {isa = PBXFileReference; lastKnownFileType = file.xib; path = PhotoCell.xib; sourceTree = "<group>"; };
		A6D2F64723DD030000975139 /* Image.swift */ = {isa = PBXFileReference; lastKnownFileType = sourcecode.swift; path = Image.swift; sourceTree = "<group>"; };
		A6D2F64B23DD0A7700975139 /* MovieInfoWorker.swift */ = {isa = PBXFileReference; lastKnownFileType = sourcecode.swift; path = MovieInfoWorker.swift; sourceTree = "<group>"; };
		A6D2F64E23DE0C5100975139 /* UIViewController+Alert.swift */ = {isa = PBXFileReference; lastKnownFileType = sourcecode.swift; path = "UIViewController+Alert.swift"; sourceTree = "<group>"; };
		A9FC164CB8C80D696AF34377 /* Pods_Movies.framework */ = {isa = PBXFileReference; explicitFileType = wrapper.framework; includeInIndex = 0; path = Pods_Movies.framework; sourceTree = BUILT_PRODUCTS_DIR; };
		C6BE5CAA098B2E6990D5859E /* Pods-MoviesTests.debug.xcconfig */ = {isa = PBXFileReference; includeInIndex = 1; lastKnownFileType = text.xcconfig; name = "Pods-MoviesTests.debug.xcconfig"; path = "Target Support Files/Pods-MoviesTests/Pods-MoviesTests.debug.xcconfig"; sourceTree = "<group>"; };
/* End PBXFileReference section */

/* Begin PBXFrameworksBuildPhase section */
		A6C7894923D7B61000FEFACF /* Frameworks */ = {
			isa = PBXFrameworksBuildPhase;
			buildActionMask = 2147483647;
			files = (
				0F3173440DF62A084D42EF75 /* Pods_Movies.framework in Frameworks */,
			);
			runOnlyForDeploymentPostprocessing = 0;
		};
		A6C7895F23D7B61300FEFACF /* Frameworks */ = {
			isa = PBXFrameworksBuildPhase;
			buildActionMask = 2147483647;
			files = (
				61620FB4DAE7C191460ABAD3 /* Pods_MoviesTests.framework in Frameworks */,
			);
			runOnlyForDeploymentPostprocessing = 0;
		};
/* End PBXFrameworksBuildPhase section */

/* Begin PBXGroup section */
		4E2BB81E5885C50538DEFF25 /* Pods */ = {
			isa = PBXGroup;
			children = (
				243D72EFE94550246639801F /* Pods-Movies.debug.xcconfig */,
				5F90479BA61D2FCB9C26D2BC /* Pods-Movies.release.xcconfig */,
				C6BE5CAA098B2E6990D5859E /* Pods-MoviesTests.debug.xcconfig */,
				9AA769CCD4E29C7B872BDDD8 /* Pods-MoviesTests.release.xcconfig */,
			);
			path = Pods;
			sourceTree = "<group>";
		};
		A6C7894323D7B61000FEFACF = {
			isa = PBXGroup;
			children = (
				A6C7894E23D7B61000FEFACF /* Movies */,
				A6C7896523D7B61300FEFACF /* MoviesTests */,
				A6C7894D23D7B61000FEFACF /* Products */,
				4E2BB81E5885C50538DEFF25 /* Pods */,
				B0891C42417FCDCB0558DDB3 /* Frameworks */,
			);
			sourceTree = "<group>";
		};
		A6C7894D23D7B61000FEFACF /* Products */ = {
			isa = PBXGroup;
			children = (
				A6C7894C23D7B61000FEFACF /* Movies.app */,
				A6C7896223D7B61300FEFACF /* MoviesTests.xctest */,
			);
			name = Products;
			sourceTree = "<group>";
		};
		A6C7894E23D7B61000FEFACF /* Movies */ = {
			isa = PBXGroup;
			children = (
				A6D2F64D23DE0C3700975139 /* Extenstions */,
				A6C7898023D9B86F00FEFACF /* Domain */,
				A6C7897B23D9B0DC00FEFACF /* Modules */,
				A6C7897A23D9B04D00FEFACF /* Resources */,
				A6C7894F23D7B61100FEFACF /* AppDelegate.swift */,
				A6C7895123D7B61100FEFACF /* SceneDelegate.swift */,
				A6C7895323D7B61100FEFACF /* ViewController.swift */,
				A6C7895523D7B61100FEFACF /* Main.storyboard */,
			);
			path = Movies;
			sourceTree = "<group>";
		};
		A6C7896523D7B61300FEFACF /* MoviesTests */ = {
			isa = PBXGroup;
			children = (
				A6C7896623D7B61300FEFACF /* MoviesTests.swift */,
				A6C7896823D7B61300FEFACF /* Info.plist */,
			);
			path = MoviesTests;
			sourceTree = "<group>";
		};
		A6C7897A23D9B04D00FEFACF /* Resources */ = {
			isa = PBXGroup;
			children = (
				A6D2F61B23DB978900975139 /* movies.json */,
				A6C7895823D7B61300FEFACF /* Assets.xcassets */,
				A6C7895A23D7B61300FEFACF /* LaunchScreen.storyboard */,
				A6C7895D23D7B61300FEFACF /* Info.plist */,
			);
			path = Resources;
			sourceTree = "<group>";
		};
		A6C7897B23D9B0DC00FEFACF /* Modules */ = {
			isa = PBXGroup;
			children = (
				A6D2F62223DBB96000975139 /* Movie Info */,
				A6C7897C23D9B0FC00FEFACF /* Movies */,
			);
			path = Modules;
			sourceTree = "<group>";
		};
		A6C7897C23D9B0FC00FEFACF /* Movies */ = {
			isa = PBXGroup;
			children = (
				A6C7897D23D9B15500FEFACF /* Views */,
				A6D2F61923DB303800975139 /* MovieWorker.swift */,
				A6C7898D23DB2D1F00FEFACF /* MoviesConfigurator.swift */,
				A6C7897E23D9B19300FEFACF /* MoviesProtocols.swift */,
				A6C7898923D9C63700FEFACF /* MoviesInteractor.swift */,
				A6C7898B23D9C64300FEFACF /* MoviesPresenter.swift */,
				A6D2F63523DC7DFD00975139 /* MovieRouter.swift */,
			);
			path = Movies;
			sourceTree = "<group>";
		};
		A6C7897D23D9B15500FEFACF /* Views */ = {
			isa = PBXGroup;
			children = (
				A6D2F61D23DBA35500975139 /* Cells */,
				A6C7898F23DB2D6200FEFACF /* MoviesViewController.swift */,
				A6C7899023DB2D6200FEFACF /* MoviesViewController.xib */,
			);
			path = Views;
			sourceTree = "<group>";
		};
		A6C7898023D9B86F00FEFACF /* Domain */ = {
			isa = PBXGroup;
			children = (
				A6C7898323D9BC5300FEFACF /* Utils */,
				A6C7898423D9BC5800FEFACF /* Entities */,
			);
			path = Domain;
			sourceTree = "<group>";
		};
		A6C7898323D9BC5300FEFACF /* Utils */ = {
			isa = PBXGroup;
			children = (
				A6C7898523D9BC6A00FEFACF /* Result.swift */,
			);
			path = Utils;
			sourceTree = "<group>";
		};
		A6C7898423D9BC5800FEFACF /* Entities */ = {
			isa = PBXGroup;
			children = (
				A6C7898123D9B87D00FEFACF /* CustomError.swift */,
				A6C7898723D9BCD000FEFACF /* Movie.swift */,
				A6D2F63723DCD40200975139 /* Server.swift */,
				A6D2F64723DD030000975139 /* Image.swift */,
			);
			path = Entities;
			sourceTree = "<group>";
		};
		A6D2F61D23DBA35500975139 /* Cells */ = {
			isa = PBXGroup;
			children = (
				A6D2F61E23DBA5F800975139 /* MovieCell.swift */,
				A6D2F61F23DBA5F800975139 /* MovieCell.xib */,
			);
			path = Cells;
			sourceTree = "<group>";
		};
		A6D2F62223DBB96000975139 /* Movie Info */ = {
			isa = PBXGroup;
			children = (
				A6D2F62323DBB96C00975139 /* Views */,
				A6D2F62423DBB98300975139 /* MovieInfoConfigurator.swift */,
				A6D2F62623DBB98D00975139 /* MovieInfoProtocols.swift */,
				A6D2F62823DBB99900975139 /* MovieInfoInteractor.swift */,
				A6D2F62A23DBB9A100975139 /* MovieInfoPresenter.swift */,
				A6D2F64B23DD0A7700975139 /* MovieInfoWorker.swift */,
			);
			path = "Movie Info";
			sourceTree = "<group>";
		};
		A6D2F62323DBB96C00975139 /* Views */ = {
			isa = PBXGroup;
			children = (
				A6D2F63023DBC90300975139 /* Cells */,
				A6D2F62C23DBC85000975139 /* MovieInfoViewController.swift */,
				A6D2F62D23DBC85000975139 /* MovieInfoViewController.xib */,
			);
			path = Views;
			sourceTree = "<group>";
		};
		A6D2F63023DBC90300975139 /* Cells */ = {
			isa = PBXGroup;
			children = (
				A6D2F63123DBCB5100975139 /* MovieInfoCell.swift */,
				A6D2F63223DBCB5100975139 /* MovieInfoCell.xib */,
				A6D2F63B23DCD78700975139 /* MoviePhotosCell.swift */,
				A6D2F63C23DCD78700975139 /* MoviePhotosCell.xib */,
				A6D2F64323DCDA0500975139 /* PhotoCell.swift */,
				A6D2F64423DCDA0500975139 /* PhotoCell.xib */,
			);
			path = Cells;
			sourceTree = "<group>";
		};
		A6D2F64D23DE0C3700975139 /* Extenstions */ = {
			isa = PBXGroup;
			children = (
				A6D2F64E23DE0C5100975139 /* UIViewController+Alert.swift */,
			);
			path = Extenstions;
			sourceTree = "<group>";
		};
		B0891C42417FCDCB0558DDB3 /* Frameworks */ = {
			isa = PBXGroup;
			children = (
				A9FC164CB8C80D696AF34377 /* Pods_Movies.framework */,
				1FF8A6C966556B1F53E40A23 /* Pods_MoviesTests.framework */,
			);
			name = Frameworks;
			sourceTree = "<group>";
		};
/* End PBXGroup section */

/* Begin PBXNativeTarget section */
		A6C7894B23D7B61000FEFACF /* Movies */ = {
			isa = PBXNativeTarget;
			buildConfigurationList = A6C7896B23D7B61300FEFACF /* Build configuration list for PBXNativeTarget "Movies" */;
			buildPhases = (
				F0BC9CAD09E7A9F9BF0B4370 /* [CP] Check Pods Manifest.lock */,
				A6C7894823D7B61000FEFACF /* Sources */,
				A6C7894923D7B61000FEFACF /* Frameworks */,
				A6C7894A23D7B61000FEFACF /* Resources */,
				81021EB3D6C79E7529BE0DE0 /* [CP] Embed Pods Frameworks */,
			);
			buildRules = (
			);
			dependencies = (
			);
			name = Movies;
			productName = Movies;
			productReference = A6C7894C23D7B61000FEFACF /* Movies.app */;
			productType = "com.apple.product-type.application";
		};
		A6C7896123D7B61300FEFACF /* MoviesTests */ = {
			isa = PBXNativeTarget;
			buildConfigurationList = A6C7896E23D7B61300FEFACF /* Build configuration list for PBXNativeTarget "MoviesTests" */;
			buildPhases = (
				402CAADF54EE3E237B8BCADD /* [CP] Check Pods Manifest.lock */,
				A6C7895E23D7B61300FEFACF /* Sources */,
				A6C7895F23D7B61300FEFACF /* Frameworks */,
				A6C7896023D7B61300FEFACF /* Resources */,
			);
			buildRules = (
			);
			dependencies = (
				A6C7896423D7B61300FEFACF /* PBXTargetDependency */,
			);
			name = MoviesTests;
			productName = MoviesTests;
			productReference = A6C7896223D7B61300FEFACF /* MoviesTests.xctest */;
			productType = "com.apple.product-type.bundle.unit-test";
		};
/* End PBXNativeTarget section */

/* Begin PBXProject section */
		A6C7894423D7B61000FEFACF /* Project object */ = {
			isa = PBXProject;
			attributes = {
				LastSwiftUpdateCheck = 1130;
				LastUpgradeCheck = 1130;
				ORGANIZATIONNAME = "App Lineup";
				TargetAttributes = {
					A6C7894B23D7B61000FEFACF = {
						CreatedOnToolsVersion = 11.3.1;
					};
					A6C7896123D7B61300FEFACF = {
						CreatedOnToolsVersion = 11.3.1;
						TestTargetID = A6C7894B23D7B61000FEFACF;
					};
				};
			};
			buildConfigurationList = A6C7894723D7B61000FEFACF /* Build configuration list for PBXProject "Movies" */;
			compatibilityVersion = "Xcode 9.3";
			developmentRegion = en;
			hasScannedForEncodings = 0;
			knownRegions = (
				en,
				Base,
			);
			mainGroup = A6C7894323D7B61000FEFACF;
			productRefGroup = A6C7894D23D7B61000FEFACF /* Products */;
			projectDirPath = "";
			projectRoot = "";
			targets = (
				A6C7894B23D7B61000FEFACF /* Movies */,
				A6C7896123D7B61300FEFACF /* MoviesTests */,
			);
		};
/* End PBXProject section */

/* Begin PBXResourcesBuildPhase section */
		A6C7894A23D7B61000FEFACF /* Resources */ = {
			isa = PBXResourcesBuildPhase;
			buildActionMask = 2147483647;
			files = (
				A6D2F62123DBA5F800975139 /* MovieCell.xib in Resources */,
				A6D2F62F23DBC85000975139 /* MovieInfoViewController.xib in Resources */,
				A6D2F63E23DCD78700975139 /* MoviePhotosCell.xib in Resources */,
				A6C7895C23D7B61300FEFACF /* LaunchScreen.storyboard in Resources */,
				A6D2F64623DCDA0500975139 /* PhotoCell.xib in Resources */,
				A6C7895923D7B61300FEFACF /* Assets.xcassets in Resources */,
				A6D2F61C23DB978900975139 /* movies.json in Resources */,
				A6C7895723D7B61100FEFACF /* Main.storyboard in Resources */,
				A6D2F63423DBCB5100975139 /* MovieInfoCell.xib in Resources */,
				A6C7899223DB2D6200FEFACF /* MoviesViewController.xib in Resources */,
			);
			runOnlyForDeploymentPostprocessing = 0;
		};
		A6C7896023D7B61300FEFACF /* Resources */ = {
			isa = PBXResourcesBuildPhase;
			buildActionMask = 2147483647;
			files = (
			);
			runOnlyForDeploymentPostprocessing = 0;
		};
/* End PBXResourcesBuildPhase section */

/* Begin PBXShellScriptBuildPhase section */
		402CAADF54EE3E237B8BCADD /* [CP] Check Pods Manifest.lock */ = {
			isa = PBXShellScriptBuildPhase;
			buildActionMask = 2147483647;
			files = (
			);
			inputFileListPaths = (
			);
			inputPaths = (
				"${PODS_PODFILE_DIR_PATH}/Podfile.lock",
				"${PODS_ROOT}/Manifest.lock",
			);
			name = "[CP] Check Pods Manifest.lock";
			outputFileListPaths = (
			);
			outputPaths = (
				"$(DERIVED_FILE_DIR)/Pods-MoviesTests-checkManifestLockResult.txt",
			);
			runOnlyForDeploymentPostprocessing = 0;
			shellPath = /bin/sh;
			shellScript = "diff \"${PODS_PODFILE_DIR_PATH}/Podfile.lock\" \"${PODS_ROOT}/Manifest.lock\" > /dev/null\nif [ $? != 0 ] ; then\n    # print error to STDERR\n    echo \"error: The sandbox is not in sync with the Podfile.lock. Run 'pod install' or update your CocoaPods installation.\" >&2\n    exit 1\nfi\n# This output is used by Xcode 'outputs' to avoid re-running this script phase.\necho \"SUCCESS\" > \"${SCRIPT_OUTPUT_FILE_0}\"\n";
			showEnvVarsInLog = 0;
		};
		81021EB3D6C79E7529BE0DE0 /* [CP] Embed Pods Frameworks */ = {
			isa = PBXShellScriptBuildPhase;
			buildActionMask = 2147483647;
			files = (
			);
			inputFileListPaths = (
				"${PODS_ROOT}/Target Support Files/Pods-Movies/Pods-Movies-frameworks-${CONFIGURATION}-input-files.xcfilelist",
			);
			name = "[CP] Embed Pods Frameworks";
			outputFileListPaths = (
				"${PODS_ROOT}/Target Support Files/Pods-Movies/Pods-Movies-frameworks-${CONFIGURATION}-output-files.xcfilelist",
			);
			runOnlyForDeploymentPostprocessing = 0;
			shellPath = /bin/sh;
			shellScript = "\"${PODS_ROOT}/Target Support Files/Pods-Movies/Pods-Movies-frameworks.sh\"\n";
			showEnvVarsInLog = 0;
		};
		F0BC9CAD09E7A9F9BF0B4370 /* [CP] Check Pods Manifest.lock */ = {
			isa = PBXShellScriptBuildPhase;
			buildActionMask = 2147483647;
			files = (
			);
			inputFileListPaths = (
			);
			inputPaths = (
				"${PODS_PODFILE_DIR_PATH}/Podfile.lock",
				"${PODS_ROOT}/Manifest.lock",
			);
			name = "[CP] Check Pods Manifest.lock";
			outputFileListPaths = (
			);
			outputPaths = (
				"$(DERIVED_FILE_DIR)/Pods-Movies-checkManifestLockResult.txt",
			);
			runOnlyForDeploymentPostprocessing = 0;
			shellPath = /bin/sh;
			shellScript = "diff \"${PODS_PODFILE_DIR_PATH}/Podfile.lock\" \"${PODS_ROOT}/Manifest.lock\" > /dev/null\nif [ $? != 0 ] ; then\n    # print error to STDERR\n    echo \"error: The sandbox is not in sync with the Podfile.lock. Run 'pod install' or update your CocoaPods installation.\" >&2\n    exit 1\nfi\n# This output is used by Xcode 'outputs' to avoid re-running this script phase.\necho \"SUCCESS\" > \"${SCRIPT_OUTPUT_FILE_0}\"\n";
			showEnvVarsInLog = 0;
		};
/* End PBXShellScriptBuildPhase section */

/* Begin PBXSourcesBuildPhase section */
		A6C7894823D7B61000FEFACF /* Sources */ = {
			isa = PBXSourcesBuildPhase;
			buildActionMask = 2147483647;
			files = (
				A6D2F62023DBA5F800975139 /* MovieCell.swift in Sources */,
				A6D2F64823DD030000975139 /* Image.swift in Sources */,
				A6C7899123DB2D6200FEFACF /* MoviesViewController.swift in Sources */,
				A6D2F64F23DE0C5100975139 /* UIViewController+Alert.swift in Sources */,
				A6C7898823D9BCD000FEFACF /* Movie.swift in Sources */,
				A6D2F61A23DB303800975139 /* MovieWorker.swift in Sources */,
				A6C7898623D9BC6A00FEFACF /* Result.swift in Sources */,
				A6C7898C23D9C64300FEFACF /* MoviesPresenter.swift in Sources */,
				A6D2F64C23DD0A7700975139 /* MovieInfoWorker.swift in Sources */,
				A6C7898223D9B87D00FEFACF /* CustomError.swift in Sources */,
				A6D2F63823DCD40200975139 /* Server.swift in Sources */,
				A6C7897F23D9B19300FEFACF /* MoviesProtocols.swift in Sources */,
				A6C7898E23DB2D1F00FEFACF /* MoviesConfigurator.swift in Sources */,
				A6D2F63323DBCB5100975139 /* MovieInfoCell.swift in Sources */,
				A6D2F62523DBB98300975139 /* MovieInfoConfigurator.swift in Sources */,
				A6D2F64523DCDA0500975139 /* PhotoCell.swift in Sources */,
				A6C7895423D7B61100FEFACF /* ViewController.swift in Sources */,
				A6D2F62E23DBC85000975139 /* MovieInfoViewController.swift in Sources */,
				A6D2F63623DC7DFD00975139 /* MovieRouter.swift in Sources */,
				A6D2F63D23DCD78700975139 /* MoviePhotosCell.swift in Sources */,
				A6D2F62923DBB99900975139 /* MovieInfoInteractor.swift in Sources */,
				A6D2F62B23DBB9A100975139 /* MovieInfoPresenter.swift in Sources */,
				A6D2F62723DBB98D00975139 /* MovieInfoProtocols.swift in Sources */,
				A6C7895023D7B61100FEFACF /* AppDelegate.swift in Sources */,
				A6C7895223D7B61100FEFACF /* SceneDelegate.swift in Sources */,
				A6C7898A23D9C63700FEFACF /* MoviesInteractor.swift in Sources */,
			);
			runOnlyForDeploymentPostprocessing = 0;
		};
		A6C7895E23D7B61300FEFACF /* Sources */ = {
			isa = PBXSourcesBuildPhase;
			buildActionMask = 2147483647;
			files = (
				A6C7896723D7B61300FEFACF /* MoviesTests.swift in Sources */,
			);
			runOnlyForDeploymentPostprocessing = 0;
		};
/* End PBXSourcesBuildPhase section */

/* Begin PBXTargetDependency section */
		A6C7896423D7B61300FEFACF /* PBXTargetDependency */ = {
			isa = PBXTargetDependency;
			target = A6C7894B23D7B61000FEFACF /* Movies */;
			targetProxy = A6C7896323D7B61300FEFACF /* PBXContainerItemProxy */;
		};
/* End PBXTargetDependency section */

/* Begin PBXVariantGroup section */
		A6C7895523D7B61100FEFACF /* Main.storyboard */ = {
			isa = PBXVariantGroup;
			children = (
				A6C7895623D7B61100FEFACF /* Base */,
			);
			name = Main.storyboard;
			sourceTree = "<group>";
		};
		A6C7895A23D7B61300FEFACF /* LaunchScreen.storyboard */ = {
			isa = PBXVariantGroup;
			children = (
				A6C7895B23D7B61300FEFACF /* Base */,
			);
			name = LaunchScreen.storyboard;
			sourceTree = "<group>";
		};
/* End PBXVariantGroup section */

/* Begin XCBuildConfiguration section */
		A6C7896923D7B61300FEFACF /* Debug */ = {
			isa = XCBuildConfiguration;
			buildSettings = {
				ALWAYS_SEARCH_USER_PATHS = NO;
				CLANG_ANALYZER_NONNULL = YES;
				CLANG_ANALYZER_NUMBER_OBJECT_CONVERSION = YES_AGGRESSIVE;
				CLANG_CXX_LANGUAGE_STANDARD = "gnu++14";
				CLANG_CXX_LIBRARY = "libc++";
				CLANG_ENABLE_MODULES = YES;
				CLANG_ENABLE_OBJC_ARC = YES;
				CLANG_ENABLE_OBJC_WEAK = YES;
				CLANG_WARN_BLOCK_CAPTURE_AUTORELEASING = YES;
				CLANG_WARN_BOOL_CONVERSION = YES;
				CLANG_WARN_COMMA = YES;
				CLANG_WARN_CONSTANT_CONVERSION = YES;
				CLANG_WARN_DEPRECATED_OBJC_IMPLEMENTATIONS = YES;
				CLANG_WARN_DIRECT_OBJC_ISA_USAGE = YES_ERROR;
				CLANG_WARN_DOCUMENTATION_COMMENTS = YES;
				CLANG_WARN_EMPTY_BODY = YES;
				CLANG_WARN_ENUM_CONVERSION = YES;
				CLANG_WARN_INFINITE_RECURSION = YES;
				CLANG_WARN_INT_CONVERSION = YES;
				CLANG_WARN_NON_LITERAL_NULL_CONVERSION = YES;
				CLANG_WARN_OBJC_IMPLICIT_RETAIN_SELF = YES;
				CLANG_WARN_OBJC_LITERAL_CONVERSION = YES;
				CLANG_WARN_OBJC_ROOT_CLASS = YES_ERROR;
				CLANG_WARN_RANGE_LOOP_ANALYSIS = YES;
				CLANG_WARN_STRICT_PROTOTYPES = YES;
				CLANG_WARN_SUSPICIOUS_MOVE = YES;
				CLANG_WARN_UNGUARDED_AVAILABILITY = YES_AGGRESSIVE;
				CLANG_WARN_UNREACHABLE_CODE = YES;
				CLANG_WARN__DUPLICATE_METHOD_MATCH = YES;
				COPY_PHASE_STRIP = NO;
				DEBUG_INFORMATION_FORMAT = dwarf;
				ENABLE_STRICT_OBJC_MSGSEND = YES;
				ENABLE_TESTABILITY = YES;
				GCC_C_LANGUAGE_STANDARD = gnu11;
				GCC_DYNAMIC_NO_PIC = NO;
				GCC_NO_COMMON_BLOCKS = YES;
				GCC_OPTIMIZATION_LEVEL = 0;
				GCC_PREPROCESSOR_DEFINITIONS = (
					"DEBUG=1",
					"$(inherited)",
				);
				GCC_WARN_64_TO_32_BIT_CONVERSION = YES;
				GCC_WARN_ABOUT_RETURN_TYPE = YES_ERROR;
				GCC_WARN_UNDECLARED_SELECTOR = YES;
				GCC_WARN_UNINITIALIZED_AUTOS = YES_AGGRESSIVE;
				GCC_WARN_UNUSED_FUNCTION = YES;
				GCC_WARN_UNUSED_VARIABLE = YES;
				IPHONEOS_DEPLOYMENT_TARGET = 13.2;
				MTL_ENABLE_DEBUG_INFO = INCLUDE_SOURCE;
				MTL_FAST_MATH = YES;
				ONLY_ACTIVE_ARCH = YES;
				SDKROOT = iphoneos;
				SWIFT_ACTIVE_COMPILATION_CONDITIONS = DEBUG;
				SWIFT_OPTIMIZATION_LEVEL = "-Onone";
			};
			name = Debug;
		};
		A6C7896A23D7B61300FEFACF /* Release */ = {
			isa = XCBuildConfiguration;
			buildSettings = {
				ALWAYS_SEARCH_USER_PATHS = NO;
				CLANG_ANALYZER_NONNULL = YES;
				CLANG_ANALYZER_NUMBER_OBJECT_CONVERSION = YES_AGGRESSIVE;
				CLANG_CXX_LANGUAGE_STANDARD = "gnu++14";
				CLANG_CXX_LIBRARY = "libc++";
				CLANG_ENABLE_MODULES = YES;
				CLANG_ENABLE_OBJC_ARC = YES;
				CLANG_ENABLE_OBJC_WEAK = YES;
				CLANG_WARN_BLOCK_CAPTURE_AUTORELEASING = YES;
				CLANG_WARN_BOOL_CONVERSION = YES;
				CLANG_WARN_COMMA = YES;
				CLANG_WARN_CONSTANT_CONVERSION = YES;
				CLANG_WARN_DEPRECATED_OBJC_IMPLEMENTATIONS = YES;
				CLANG_WARN_DIRECT_OBJC_ISA_USAGE = YES_ERROR;
				CLANG_WARN_DOCUMENTATION_COMMENTS = YES;
				CLANG_WARN_EMPTY_BODY = YES;
				CLANG_WARN_ENUM_CONVERSION = YES;
				CLANG_WARN_INFINITE_RECURSION = YES;
				CLANG_WARN_INT_CONVERSION = YES;
				CLANG_WARN_NON_LITERAL_NULL_CONVERSION = YES;
				CLANG_WARN_OBJC_IMPLICIT_RETAIN_SELF = YES;
				CLANG_WARN_OBJC_LITERAL_CONVERSION = YES;
				CLANG_WARN_OBJC_ROOT_CLASS = YES_ERROR;
				CLANG_WARN_RANGE_LOOP_ANALYSIS = YES;
				CLANG_WARN_STRICT_PROTOTYPES = YES;
				CLANG_WARN_SUSPICIOUS_MOVE = YES;
				CLANG_WARN_UNGUARDED_AVAILABILITY = YES_AGGRESSIVE;
				CLANG_WARN_UNREACHABLE_CODE = YES;
				CLANG_WARN__DUPLICATE_METHOD_MATCH = YES;
				COPY_PHASE_STRIP = NO;
				DEBUG_INFORMATION_FORMAT = "dwarf-with-dsym";
				ENABLE_NS_ASSERTIONS = NO;
				ENABLE_STRICT_OBJC_MSGSEND = YES;
				GCC_C_LANGUAGE_STANDARD = gnu11;
				GCC_NO_COMMON_BLOCKS = YES;
				GCC_WARN_64_TO_32_BIT_CONVERSION = YES;
				GCC_WARN_ABOUT_RETURN_TYPE = YES_ERROR;
				GCC_WARN_UNDECLARED_SELECTOR = YES;
				GCC_WARN_UNINITIALIZED_AUTOS = YES_AGGRESSIVE;
				GCC_WARN_UNUSED_FUNCTION = YES;
				GCC_WARN_UNUSED_VARIABLE = YES;
				IPHONEOS_DEPLOYMENT_TARGET = 13.2;
				MTL_ENABLE_DEBUG_INFO = NO;
				MTL_FAST_MATH = YES;
				SDKROOT = iphoneos;
				SWIFT_COMPILATION_MODE = wholemodule;
				SWIFT_OPTIMIZATION_LEVEL = "-O";
				VALIDATE_PRODUCT = YES;
			};
			name = Release;
		};
		A6C7896C23D7B61300FEFACF /* Debug */ = {
			isa = XCBuildConfiguration;
			baseConfigurationReference = 243D72EFE94550246639801F /* Pods-Movies.debug.xcconfig */;
			buildSettings = {
				ASSETCATALOG_COMPILER_APPICON_NAME = AppIcon;
				CODE_SIGN_STYLE = Automatic;
				DEVELOPMENT_TEAM = VW46WHVYZR;
				INFOPLIST_FILE = "$(SRCROOT)/Movies/Resources/Info.plist";
				IPHONEOS_DEPLOYMENT_TARGET = 10.0;
				LD_RUNPATH_SEARCH_PATHS = (
					"$(inherited)",
					"@executable_path/Frameworks",
				);
				PRODUCT_BUNDLE_IDENTIFIER = AppLineup.Movies;
				PRODUCT_NAME = "$(TARGET_NAME)";
				SWIFT_VERSION = 5.0;
				TARGETED_DEVICE_FAMILY = "1,2";
			};
			name = Debug;
		};
		A6C7896D23D7B61300FEFACF /* Release */ = {
			isa = XCBuildConfiguration;
			baseConfigurationReference = 5F90479BA61D2FCB9C26D2BC /* Pods-Movies.release.xcconfig */;
			buildSettings = {
				ASSETCATALOG_COMPILER_APPICON_NAME = AppIcon;
				CODE_SIGN_STYLE = Automatic;
				DEVELOPMENT_TEAM = VW46WHVYZR;
				INFOPLIST_FILE = "$(SRCROOT)/Movies/Resources/Info.plist";
				IPHONEOS_DEPLOYMENT_TARGET = 10.0;
				LD_RUNPATH_SEARCH_PATHS = (
					"$(inherited)",
					"@executable_path/Frameworks",
				);
				PRODUCT_BUNDLE_IDENTIFIER = AppLineup.Movies;
				PRODUCT_NAME = "$(TARGET_NAME)";
				SWIFT_VERSION = 5.0;
				TARGETED_DEVICE_FAMILY = "1,2";
			};
			name = Release;
		};
		A6C7896F23D7B61300FEFACF /* Debug */ = {
			isa = XCBuildConfiguration;
			baseConfigurationReference = C6BE5CAA098B2E6990D5859E /* Pods-MoviesTests.debug.xcconfig */;
			buildSettings = {
				ALWAYS_EMBED_SWIFT_STANDARD_LIBRARIES = YES;
				BUNDLE_LOADER = "$(TEST_HOST)";
				CODE_SIGN_STYLE = Automatic;
				DEVELOPMENT_TEAM = VW46WHVYZR;
				INFOPLIST_FILE = MoviesTests/Info.plist;
				IPHONEOS_DEPLOYMENT_TARGET = 13.2;
				LD_RUNPATH_SEARCH_PATHS = (
					"$(inherited)",
					"@executable_path/Frameworks",
					"@loader_path/Frameworks",
				);
				PRODUCT_BUNDLE_IDENTIFIER = AppLineup.MoviesTests;
				PRODUCT_NAME = "$(TARGET_NAME)";
				SWIFT_VERSION = 5.0;
				TARGETED_DEVICE_FAMILY = "1,2";
				TEST_HOST = "$(BUILT_PRODUCTS_DIR)/Movies.app/Movies";
			};
			name = Debug;
		};
		A6C7897023D7B61300FEFACF /* Release */ = {
			isa = XCBuildConfiguration;
			baseConfigurationReference = 9AA769CCD4E29C7B872BDDD8 /* Pods-MoviesTests.release.xcconfig */;
			buildSettings = {
				ALWAYS_EMBED_SWIFT_STANDARD_LIBRARIES = YES;
				BUNDLE_LOADER = "$(TEST_HOST)";
				CODE_SIGN_STYLE = Automatic;
				DEVELOPMENT_TEAM = VW46WHVYZR;
				INFOPLIST_FILE = MoviesTests/Info.plist;
				IPHONEOS_DEPLOYMENT_TARGET = 13.2;
				LD_RUNPATH_SEARCH_PATHS = (
					"$(inherited)",
					"@executable_path/Frameworks",
					"@loader_path/Frameworks",
				);
				PRODUCT_BUNDLE_IDENTIFIER = AppLineup.MoviesTests;
				PRODUCT_NAME = "$(TARGET_NAME)";
				SWIFT_VERSION = 5.0;
				TARGETED_DEVICE_FAMILY = "1,2";
				TEST_HOST = "$(BUILT_PRODUCTS_DIR)/Movies.app/Movies";
			};
			name = Release;
		};
/* End XCBuildConfiguration section */

/* Begin XCConfigurationList section */
		A6C7894723D7B61000FEFACF /* Build configuration list for PBXProject "Movies" */ = {
			isa = XCConfigurationList;
			buildConfigurations = (
				A6C7896923D7B61300FEFACF /* Debug */,
				A6C7896A23D7B61300FEFACF /* Release */,
			);
			defaultConfigurationIsVisible = 0;
			defaultConfigurationName = Release;
		};
		A6C7896B23D7B61300FEFACF /* Build configuration list for PBXNativeTarget "Movies" */ = {
			isa = XCConfigurationList;
			buildConfigurations = (
				A6C7896C23D7B61300FEFACF /* Debug */,
				A6C7896D23D7B61300FEFACF /* Release */,
			);
			defaultConfigurationIsVisible = 0;
			defaultConfigurationName = Release;
		};
		A6C7896E23D7B61300FEFACF /* Build configuration list for PBXNativeTarget "MoviesTests" */ = {
			isa = XCConfigurationList;
			buildConfigurations = (
				A6C7896F23D7B61300FEFACF /* Debug */,
				A6C7897023D7B61300FEFACF /* Release */,
			);
			defaultConfigurationIsVisible = 0;
			defaultConfigurationName = Release;
		};
/* End XCConfigurationList section */
	};
	rootObject = A6C7894423D7B61000FEFACF /* Project object */;
}
